{
  "name": "if07c-reproduction-pack",
  "version": "1.2.1",
  "lockfileVersion": 3,
  "requires": true,
  "packages": {
    "": {
      "name": "if07c-reproduction-pack",
      "version": "1.2.1",
      "dependencies": {
        "@wasmagent/core": "3.9.0",
        "@wasmagent/mcp-firewall": "2.3.0",
        "@wasmagent/mcp-gateway": "0.2.0",
        "zod": "4.6.5"
      },
      "engines": {
        "node": ">=20"
      }
    },
    "node_modules/@wasmagent/agent-prompts": {
      "version": "1.0.3",
      "resolved": "https://registry.npmjs.org/@wasmagent/agent-prompts/-/agent-prompts-1.0.3.tgz",
      "integrity": "sha512-2AZSdY2yx06lUBsBAk5uHho5DWUdPkaZy07fOcFn/0Q/m/4lmWqNm4kA9xN44MJ34ztbAGIJ9ygMe89e/Bplkg==",
      "license": "Apache-2.0",
      "engines": {
        "node": ">=20.0.0"
      }
    },
    "node_modules/@wasmagent/core": {
      "version": "3.9.0",
      "resolved": "https://registry.npmjs.org/@wasmagent/core/-/core-3.9.0.tgz",
      "integrity": "sha512-3VW9+aZjyFurftarIjesQfUa3bpHZC+rUvTV5oCnNu/6yiPq/wJlSsagnf+EskFRbiuU44HFtsDFQJf8ORJqFw==",
      "license": "Apache-2.0",
      "dependencies": {
        "@wasmagent/agent-prompts": "^1.0.3",
        "@wasmagent/protocol": "^0.1.7",
        "zod": "^3.23.0",
        "zod-to-json-schema": "^3.25.2"
      },
      "engines": {
        "node": ">=20.0.0"
      },
      "peerDependencies": {
        "@modelcontextprotocol/sdk": ">=1.7.0"
      },
      "peerDependenciesMeta": {
        "@modelcontextprotocol/sdk": {
          "optional": true
        }
      }
    },
    "node_modules/@wasmagent/core/node_modules/zod": {
      "version": "3.25.76",
      "resolved": "https://registry.npmjs.org/zod/-/zod-3.25.76.tgz",
      "integrity": "sha512-gzUt/qt81nXsFGKIFcC3YnfEAx5NkunCfnDlvuBSSFS02bcXu4Lmea0AFIUwbLWxWPx3d9p8S5QoaujKcNQxcQ==",
      "license": "MIT",
      "funding": {
        "url": "https://github.com/sponsors/colinhacks"
      }
    },
    "node_modules/@wasmagent/mcp-firewall": {
      "version": "2.3.0",
      "resolved": "https://registry.npmjs.org/@wasmagent/mcp-firewall/-/mcp-firewall-2.3.0.tgz",
      "integrity": "sha512-x37BpUq5QF5c7V3Ymt2vQEa5gDPchNNGfW3Q5tCsMtNr2cGCirjw+UFs8kjxmduHVyfbpYFlNXLyBsFnHUzrDQ==",
      "license": "Apache-2.0",
      "dependencies": {
        "@wasmagent/mcp-server": "^1.1.17"
      },
      "engines": {
        "node": ">=20.0.0"
      }
    },
    "node_modules/@wasmagent/mcp-gateway": {
      "version": "0.2.0",
      "resolved": "https://registry.npmjs.org/@wasmagent/mcp-gateway/-/mcp-gateway-0.2.0.tgz",
      "integrity": "sha512-P9KWiG86JWYK3MCQn9xNUEuEutYt+Uk2HzHldfVoD2qUFgp19+QWyz7RNdWhm5cl8Adav7HjcCGk2p39UDgOHA==",
      "license": "Apache-2.0",
      "dependencies": {
        "@wasmagent/core": "^3.9.0",
        "@wasmagent/mcp-firewall": "^2.3.0",
        "@wasmagent/mcp-server": "^1.1.17"
      },
      "engines": {
        "node": ">=20.0.0"
      }
    },
    "node_modules/@wasmagent/mcp-server": {
      "version": "1.1.17",
      "resolved": "https://registry.npmjs.org/@wasmagent/mcp-server/-/mcp-server-1.1.17.tgz",
      "integrity": "sha512-cjzgtAk582PEMRzYmiQo3cDgP0t6iMaE6rtMIz9GqkAtgLSLEkEKR4wiVyvDGMmqyEe1kMvlU2INOBQI/XnREw==",
      "license": "Apache-2.0",
      "dependencies": {
        "@wasmagent/core": "^3.9.0"
      },
      "bin": {
        "wasmagent-mcp-server": "dist/stdio.js"
      },
      "engines": {
        "node": ">=20.0.0"
      }
    },
    "node_modules/@wasmagent/protocol": {
      "version": "0.1.11",
      "resolved": "https://registry.npmjs.org/@wasmagent/protocol/-/protocol-0.1.11.tgz",
      "integrity": "sha512-6DZosrZOyeqOUCME/XZuWoQOuK839/Labcdu2HazfUTBWeGh6HymQpsP90Y3QlmVKDFti/uxOhfRaT55Z9ui6g==",
      "license": "Apache-2.0",
      "bin": {
        "wasmagent-protocol": "bin/cli.js"
      }
    },
    "node_modules/zod": {
      "version": "4.6.5",
      "resolved": "https://registry.npmjs.org/zod/-/zod-4.6.5.tgz",
      "integrity": "sha512-v5l/aFXZQeai4awLbOpSoHecE9UiMrnfx75tEXLjNonXVARxQ5mOeipTjROUchszUNCqnE+hqAMujRsRHsut2Q==",
      "license": "MIT",
      "funding": {
        "url": "https://github.com/sponsors/colinhacks"
      }
    },
    "node_modules/zod-to-json-schema": {
      "version": "3.25.2",
      "resolved": "https://registry.npmjs.org/zod-to-json-schema/-/zod-to-json-schema-3.25.2.tgz",
      "integrity": "sha512-O/PgfnpT1xKSDeQYSCfRI5Gy3hPf91mKVDuYLUHZJMiDFptvP41MSnWofm8dnCm0256ZNfZIM7DSzuSMAFnjHA==",
      "license": "ISC",
      "peerDependencies": {
        "zod": "^3.25.28 || ^4"
      }
    }
  }
}
